
Microsoft Visual Studio Solution File, Format Version 12.00
# Visual Studio 15
VisualStudioVersion = 15.0.28010.2003
MinimumVisualStudioVersion = 10.0.40219.1
Project("{2150E333-8FDC-42A3-9474-1A3956D46DE8}") = "Module 1 - MultiThreading", "Module 1 - MultiThreading", "{DACDC1D2-2468-4293-856A-CCD0947DF99E}"
EndProject
Project("{2150E333-8FDC-42A3-9474-1A3956D46DE8}") = "Version 1 Multithreading", "Version 1 Multithreading", "{07394D52-1A30-4F3F-A937-2DACF904870D}"
EndProject
Project("{2150E333-8FDC-42A3-9474-1A3956D46DE8}") = "Version 1 AsyncAwait", "Version 1 AsyncAwait", "{00510D9C-37D5-4D13-8A5C-B5A27462FBB3}"
EndProject
Project("{2150E333-8FDC-42A3-9474-1A3956D46DE8}") = "Version 2 Complex", "Version 2 Complex", "{7F1A821D-2C40-4173-8935-47D189DBF6C3}"
EndProject
Project("{9A19103F-16F7-4668-BE54-9A1E7A4F7556}") = "Async_1", "Module 1 - MultiThreading\Version 1 AsyncAwait\Async_1\Async_1.csproj", "{CFA533B7-D972-4F97-99A8-1E8AFFE7975A}"
EndProject
Project("{9A19103F-16F7-4668-BE54-9A1E7A4F7556}") = "Async_2", "Module 1 - MultiThreading\Version 1 AsyncAwait\Async_2\Async_2.csproj", "{BA05F3C2-FCA4-4454-A6AD-70C4137DB946}"
EndProject
Project("{9A19103F-16F7-4668-BE54-9A1E7A4F7556}") = "Async_3", "Module 1 - MultiThreading\Version 1 AsyncAwait\Async_3\Async_3.csproj", "{B282517A-D256-423A-8A8E-69A940969969}"
EndProject
Project("{9A19103F-16F7-4668-BE54-9A1E7A4F7556}") = "Async_4", "Module 1 - MultiThreading\Version 1 AsyncAwait\Async_4\Async_4.csproj", "{F99CD091-54BD-4903-B507-055B58C40094}"
EndProject
Project("{9A19103F-16F7-4668-BE54-9A1E7A4F7556}") = "Multithreading", "Module 1 - MultiThreading\Version 1 Multithreading\Multithreading\Multithreading.csproj", "{16ED254C-EAA6-4AE8-8C35-8BC9F2CCDA5B}"
EndProject
Project("{2150E333-8FDC-42A3-9474-1A3956D46DE8}") = "Task 1", "Task 1", "{69255026-78FF-4BAF-952A-37509F4BA5E1}"
EndProject
Project("{2150E333-8FDC-42A3-9474-1A3956D46DE8}") = "Task 2", "Task 2", "{76EAB5F0-6B1D-4A37-A5F1-B8C5A08B6BD1}"
EndProject
Project("{9A19103F-16F7-4668-BE54-9A1E7A4F7556}") = "ChatClient", "Module 1 - MultiThreading\Version 2\Task 1\Client\ChatClient.csproj", "{52E36301-88A7-4634-A37C-9D9B78280877}"
EndProject
Project("{9A19103F-16F7-4668-BE54-9A1E7A4F7556}") = "ChatServer", "Module 1 - MultiThreading\Version 2\Task 1\Server\ChatServer.csproj", "{BCD2E1BD-5680-49C9-9BDD-776AC3378D83}"
EndProject
Global
	GlobalSection(SolutionConfigurationPlatforms) = preSolution
		Debug|Any CPU = Debug|Any CPU
		Release|Any CPU = Release|Any CPU
	EndGlobalSection
	GlobalSection(ProjectConfigurationPlatforms) = postSolution
		{CFA533B7-D972-4F97-99A8-1E8AFFE7975A}.Debug|Any CPU.ActiveCfg = Debug|Any CPU
		{CFA533B7-D972-4F97-99A8-1E8AFFE7975A}.Debug|Any CPU.Build.0 = Debug|Any CPU
		{CFA533B7-D972-4F97-99A8-1E8AFFE7975A}.Release|Any CPU.ActiveCfg = Release|Any CPU
		{CFA533B7-D972-4F97-99A8-1E8AFFE7975A}.Release|Any CPU.Build.0 = Release|Any CPU
		{BA05F3C2-FCA4-4454-A6AD-70C4137DB946}.Debug|Any CPU.ActiveCfg = Debug|Any CPU
		{BA05F3C2-FCA4-4454-A6AD-70C4137DB946}.Debug|Any CPU.Build.0 = Debug|Any CPU
		{BA05F3C2-FCA4-4454-A6AD-70C4137DB946}.Release|Any CPU.ActiveCfg = Release|Any CPU
		{BA05F3C2-FCA4-4454-A6AD-70C4137DB946}.Release|Any CPU.Build.0 = Release|Any CPU
		{B282517A-D256-423A-8A8E-69A940969969}.Debug|Any CPU.ActiveCfg = Debug|Any CPU
		{B282517A-D256-423A-8A8E-69A940969969}.Debug|Any CPU.Build.0 = Debug|Any CPU
		{B282517A-D256-423A-8A8E-69A940969969}.Release|Any CPU.ActiveCfg = Release|Any CPU
		{B282517A-D256-423A-8A8E-69A940969969}.Release|Any CPU.Build.0 = Release|Any CPU
		{F99CD091-54BD-4903-B507-055B58C40094}.Debug|Any CPU.ActiveCfg = Debug|Any CPU
		{F99CD091-54BD-4903-B507-055B58C40094}.Debug|Any CPU.Build.0 = Debug|Any CPU
		{F99CD091-54BD-4903-B507-055B58C40094}.Release|Any CPU.ActiveCfg = Release|Any CPU
		{F99CD091-54BD-4903-B507-055B58C40094}.Release|Any CPU.Build.0 = Release|Any CPU
		{16ED254C-EAA6-4AE8-8C35-8BC9F2CCDA5B}.Debug|Any CPU.ActiveCfg = Debug|Any CPU
		{16ED254C-EAA6-4AE8-8C35-8BC9F2CCDA5B}.Debug|Any CPU.Build.0 = Debug|Any CPU
		{16ED254C-EAA6-4AE8-8C35-8BC9F2CCDA5B}.Release|Any CPU.ActiveCfg = Release|Any CPU
		{16ED254C-EAA6-4AE8-8C35-8BC9F2CCDA5B}.Release|Any CPU.Build.0 = Release|Any CPU
		{52E36301-88A7-4634-A37C-9D9B78280877}.Debug|Any CPU.ActiveCfg = Debug|Any CPU
		{52E36301-88A7-4634-A37C-9D9B78280877}.Debug|Any CPU.Build.0 = Debug|Any CPU
		{52E36301-88A7-4634-A37C-9D9B78280877}.Release|Any CPU.ActiveCfg = Release|Any CPU
		{52E36301-88A7-4634-A37C-9D9B78280877}.Release|Any CPU.Build.0 = Release|Any CPU
		{BCD2E1BD-5680-49C9-9BDD-776AC3378D83}.Debug|Any CPU.ActiveCfg = Debug|Any CPU
		{BCD2E1BD-5680-49C9-9BDD-776AC3378D83}.Debug|Any CPU.Build.0 = Debug|Any CPU
		{BCD2E1BD-5680-49C9-9BDD-776AC3378D83}.Release|Any CPU.ActiveCfg = Release|Any CPU
		{BCD2E1BD-5680-49C9-9BDD-776AC3378D83}.Release|Any CPU.Build.0 = Release|Any CPU
	EndGlobalSection
	GlobalSection(SolutionProperties) = preSolution
		HideSolutionNode = FALSE
	EndGlobalSection
	GlobalSection(NestedProjects) = preSolution
		{07394D52-1A30-4F3F-A937-2DACF904870D} = {DACDC1D2-2468-4293-856A-CCD0947DF99E}
		{00510D9C-37D5-4D13-8A5C-B5A27462FBB3} = {DACDC1D2-2468-4293-856A-CCD0947DF99E}
		{7F1A821D-2C40-4173-8935-47D189DBF6C3} = {DACDC1D2-2468-4293-856A-CCD0947DF99E}
		{CFA533B7-D972-4F97-99A8-1E8AFFE7975A} = {00510D9C-37D5-4D13-8A5C-B5A27462FBB3}
		{BA05F3C2-FCA4-4454-A6AD-70C4137DB946} = {00510D9C-37D5-4D13-8A5C-B5A27462FBB3}
		{B282517A-D256-423A-8A8E-69A940969969} = {00510D9C-37D5-4D13-8A5C-B5A27462FBB3}
		{F99CD091-54BD-4903-B507-055B58C40094} = {00510D9C-37D5-4D13-8A5C-B5A27462FBB3}
		{16ED254C-EAA6-4AE8-8C35-8BC9F2CCDA5B} = {07394D52-1A30-4F3F-A937-2DACF904870D}
		{69255026-78FF-4BAF-952A-37509F4BA5E1} = {7F1A821D-2C40-4173-8935-47D189DBF6C3}
		{76EAB5F0-6B1D-4A37-A5F1-B8C5A08B6BD1} = {7F1A821D-2C40-4173-8935-47D189DBF6C3}
		{52E36301-88A7-4634-A37C-9D9B78280877} = {69255026-78FF-4BAF-952A-37509F4BA5E1}
		{BCD2E1BD-5680-49C9-9BDD-776AC3378D83} = {69255026-78FF-4BAF-952A-37509F4BA5E1}
	EndGlobalSection
	GlobalSection(ExtensibilityGlobals) = postSolution
		SolutionGuid = {09585A5C-BBEB-47C5-8707-1800C1777EA9}
	EndGlobalSection
EndGlobal
